<?xml version="1.0" encoding="UTF-8" standalone="yes" ?>
<CodeBlocks_project_file>
	<FileVersion major="1" minor="6" />
	<Project>
		<Option title="lesson06" />
		<Option pch_mode="2" />
		<Option compiler="gcc" />
		<Build>
			<Target title="Debug">
				<Option output="bin/Debug/lesson06" prefix_auto="1" extension_auto="1" />
				<Option working_dir="C:/Users/mistr/Desktop/CSCI191Gamedev/common/bin" />
				<Option object_output="obj/Debug/" />
				<Option type="1" />
				<Option compiler="gcc" />
				<Compiler>
					<Add option="-g" />
					<Add directory="include" />
					<Add directory="C:/Users/mistr/Desktop/CSCI191Gamedev/lesson06/" />
				</Compiler>
				<Linker>
					<Add library="../common/lib/libSOIL.a" />
					<Add directory="../common/lib" />
				</Linker>
			</Target>
			<Target title="Release">
				<Option output="bin/Release/lesson06" prefix_auto="1" extension_auto="1" />
				<Option working_dir="C:/Users/mistr/Desktop/CSCI191Gamedev/common/bin" />
				<Option object_output="obj/Release/" />
				<Option type="0" />
				<Option compiler="gcc" />
				<Compiler>
					<Add option="-O2" />
					<Add directory="include" />
				</Compiler>
				<Linker>
					<Add option="-s" />
				</Linker>
			</Target>
		</Build>
		<Compiler>
			<Add option="-Wall" />
			<Add directory="C:/Users/mistr/Desktop/CSCI191Gamedev/common/include" />
			<Add directory="include" />
		</Compiler>
		<Linker>
			<Add library="../common/lib/libSOIL.a" />
			<Add library="glut32" />
			<Add library="opengl32" />
			<Add library="glu32" />
			<Add library="winmm" />
			<Add library="gdi32" />
			<Add directory="C:/Users/mistr/Desktop/CSCI191Gamedev/common/lib" />
		</Linker>
		<Unit filename="include/_Model.h" />
		<Unit filename="include/_glLight.h" />
		<Unit filename="include/_glScene.h" />
		<Unit filename="include/_inputs.h" />
		<Unit filename="include/parallax.h" />
		<Unit filename="include/textLoader.h" />
		<Unit filename="main.cpp" />
		<Unit filename="src/_Model.cpp" />
		<Unit filename="src/_glLight.cpp" />
		<Unit filename="src/_glScene.cpp" />
		<Unit filename="src/_inputs.cpp" />
		<Unit filename="src/parallax.cpp" />
		<Unit filename="src/textLoader.cpp" />
		<Extensions>
			<code_completion />
			<envvars />
			<debugger />
			<lib_finder disable_auto="1" />
		</Extensions>
	</Project>
</CodeBlocks_project_file>
